
Microsoft Visual Studio Solution File, Format Version 12.00
# Visual Studio Version 17
VisualStudioVersion = 17.14.36202.13
MinimumVisualStudioVersion = 10.0.40219.1
Project("{FAE04EC0-301F-11D3-BF4B-00C04F79EFBC}") = "Sports.api", "Sports.api\Sports.api\Sports.api.csproj", "{EEF359D5-7447-4864-9841-CB1CF21B8BEE}"
EndProject
Project("{FAE04EC0-301F-11D3-BF4B-00C04F79EFBC}") = "Sports.Models", "Sports.Model\Sports.Models.csproj", "{B8C8596A-E2C0-418A-866D-3694CC4EF24F}"
EndProject
Project("{FAE04EC0-301F-11D3-BF4B-00C04F79EFBC}") = "Sports.Services", "Sports.Services\Sports.Services.csproj", "{34678135-100E-44BA-9EFC-4F79462A1D91}"
EndProject
Project("{FAE04EC0-301F-11D3-BF4B-00C04F79EFBC}") = "Sports.DataImport", "DataImport\Sports.DataImport\Sports.DataImport.csproj", "{29AE232B-1AE7-4048-9737-5587CA98D35D}"
EndProject
Project("{FAE04EC0-301F-11D3-BF4B-00C04F79EFBC}") = "Sports.Infrastructure", "Sports.Infrastructure\Sports.Infrastructure.csproj", "{2D8A510C-D9F9-4D3E-8FDE-66C934C4B584}"
EndProject
Project("{2150E333-8FDC-42A3-9474-1A3956D46DE8}") = "Solution Items", "Solution Items", "{8EC462FD-D22E-90A8-E5CE-7E832BA40C5D}"
	ProjectSection(SolutionItems) = preProject
		ReadMe.MD = ReadMe.MD
	EndProjectSection
EndProject
Global
	GlobalSection(SolutionConfigurationPlatforms) = preSolution
		Debug|Any CPU = Debug|Any CPU
		Release|Any CPU = Release|Any CPU
	EndGlobalSection
	GlobalSection(ProjectConfigurationPlatforms) = postSolution
		{EEF359D5-7447-4864-9841-CB1CF21B8BEE}.Debug|Any CPU.ActiveCfg = Debug|Any CPU
		{EEF359D5-7447-4864-9841-CB1CF21B8BEE}.Debug|Any CPU.Build.0 = Debug|Any CPU
		{EEF359D5-7447-4864-9841-CB1CF21B8BEE}.Release|Any CPU.ActiveCfg = Release|Any CPU
		{EEF359D5-7447-4864-9841-CB1CF21B8BEE}.Release|Any CPU.Build.0 = Release|Any CPU
		{B8C8596A-E2C0-418A-866D-3694CC4EF24F}.Debug|Any CPU.ActiveCfg = Debug|Any CPU
		{B8C8596A-E2C0-418A-866D-3694CC4EF24F}.Debug|Any CPU.Build.0 = Debug|Any CPU
		{B8C8596A-E2C0-418A-866D-3694CC4EF24F}.Release|Any CPU.ActiveCfg = Release|Any CPU
		{B8C8596A-E2C0-418A-866D-3694CC4EF24F}.Release|Any CPU.Build.0 = Release|Any CPU
		{34678135-100E-44BA-9EFC-4F79462A1D91}.Debug|Any CPU.ActiveCfg = Debug|Any CPU
		{34678135-100E-44BA-9EFC-4F79462A1D91}.Debug|Any CPU.Build.0 = Debug|Any CPU
		{34678135-100E-44BA-9EFC-4F79462A1D91}.Release|Any CPU.ActiveCfg = Release|Any CPU
		{34678135-100E-44BA-9EFC-4F79462A1D91}.Release|Any CPU.Build.0 = Release|Any CPU
		{29AE232B-1AE7-4048-9737-5587CA98D35D}.Debug|Any CPU.ActiveCfg = Debug|Any CPU
		{29AE232B-1AE7-4048-9737-5587CA98D35D}.Debug|Any CPU.Build.0 = Debug|Any CPU
		{29AE232B-1AE7-4048-9737-5587CA98D35D}.Release|Any CPU.ActiveCfg = Release|Any CPU
		{29AE232B-1AE7-4048-9737-5587CA98D35D}.Release|Any CPU.Build.0 = Release|Any CPU
		{2D8A510C-D9F9-4D3E-8FDE-66C934C4B584}.Debug|Any CPU.ActiveCfg = Debug|Any CPU
		{2D8A510C-D9F9-4D3E-8FDE-66C934C4B584}.Debug|Any CPU.Build.0 = Debug|Any CPU
		{2D8A510C-D9F9-4D3E-8FDE-66C934C4B584}.Release|Any CPU.ActiveCfg = Release|Any CPU
		{2D8A510C-D9F9-4D3E-8FDE-66C934C4B584}.Release|Any CPU.Build.0 = Release|Any CPU
	EndGlobalSection
	GlobalSection(SolutionProperties) = preSolution
		HideSolutionNode = FALSE
	EndGlobalSection
	GlobalSection(ExtensibilityGlobals) = postSolution
		SolutionGuid = {644EC05D-559A-4FD6-9B41-F4A29859B69E}
	EndGlobalSection
EndGlobal
